
Microsoft Visual Studio Solution File, Format Version 12.00
# Visual Studio Version 17
VisualStudioVersion = 17.6.33829.357
MinimumVisualStudioVersion = 10.0.40219.1
Project("{FAE04EC0-301F-11D3-BF4B-00C04F79EFBC}") = "Lists", "Lists\Lists.csproj", "{B5E29E32-3BD6-4245-9488-413D441B8F37}"
EndProject
Global
	GlobalSection(SolutionConfigurationPlatforms) = preSolution
		Debug|Any CPU = Debug|Any CPU
		Release|Any CPU = Release|Any CPU
	EndGlobalSection
	GlobalSection(ProjectConfigurationPlatforms) = postSolution
		{B5E29E32-3BD6-4245-9488-413D441B8F37}.Debug|Any CPU.ActiveCfg = Debug|Any CPU
		{B5E29E32-3BD6-4245-9488-413D441B8F37}.Debug|Any CPU.Build.0 = Debug|Any CPU
		{B5E29E32-3BD6-4245-9488-413D441B8F37}.Release|Any CPU.ActiveCfg = Release|Any CPU
		{B5E29E32-3BD6-4245-9488-413D441B8F37}.Release|Any CPU.Build.0 = Release|Any CPU
	EndGlobalSection
	GlobalSection(SolutionProperties) = preSolution
		HideSolutionNode = FALSE
	EndGlobalSection
	GlobalSection(ExtensibilityGlobals) = postSolution
		SolutionGuid = {45E24384-CB25-46D4-A498-26E14F1CBAA2}
	EndGlobalSection
EndGlobal
