
Microsoft Visual Studio Solution File, Format Version 12.00
# Visual Studio Version 17
VisualStudioVersion = 17.6.33829.357
MinimumVisualStudioVersion = 10.0.40219.1
Project("{FAE04EC0-301F-11D3-BF4B-00C04F79EFBC}") = "Path", "Path\Path.csproj", "{FCFEE7D7-20B1-473C-BB14-1890C667346C}"
EndProject
Global
	GlobalSection(SolutionConfigurationPlatforms) = preSolution
		Debug|Any CPU = Debug|Any CPU
		Release|Any CPU = Release|Any CPU
	EndGlobalSection
	GlobalSection(ProjectConfigurationPlatforms) = postSolution
		{FCFEE7D7-20B1-473C-BB14-1890C667346C}.Debug|Any CPU.ActiveCfg = Debug|Any CPU
		{FCFEE7D7-20B1-473C-BB14-1890C667346C}.Debug|Any CPU.Build.0 = Debug|Any CPU
		{FCFEE7D7-20B1-473C-BB14-1890C667346C}.Release|Any CPU.ActiveCfg = Release|Any CPU
		{FCFEE7D7-20B1-473C-BB14-1890C667346C}.Release|Any CPU.Build.0 = Release|Any CPU
	EndGlobalSection
	GlobalSection(SolutionProperties) = preSolution
		HideSolutionNode = FALSE
	EndGlobalSection
	GlobalSection(ExtensibilityGlobals) = postSolution
		SolutionGuid = {E212D88E-AF49-4632-BCC3-BE5B94C88A08}
	EndGlobalSection
EndGlobal
