
Microsoft Visual Studio Solution File, Format Version 12.00
# Visual Studio Version 17
VisualStudioVersion = 17.6.33829.357
MinimumVisualStudioVersion = 10.0.40219.1
Project("{FAE04EC0-301F-11D3-BF4B-00C04F79EFBC}") = "ReferenceTypeAndValueType", "ReferenceTypeAndValueType\ReferenceTypeAndValueType.csproj", "{4986C143-CA7D-4931-882A-3D13080A292A}"
EndProject
Global
	GlobalSection(SolutionConfigurationPlatforms) = preSolution
		Debug|Any CPU = Debug|Any CPU
		Release|Any CPU = Release|Any CPU
	EndGlobalSection
	GlobalSection(ProjectConfigurationPlatforms) = postSolution
		{4986C143-CA7D-4931-882A-3D13080A292A}.Debug|Any CPU.ActiveCfg = Debug|Any CPU
		{4986C143-CA7D-4931-882A-3D13080A292A}.Debug|Any CPU.Build.0 = Debug|Any CPU
		{4986C143-CA7D-4931-882A-3D13080A292A}.Release|Any CPU.ActiveCfg = Release|Any CPU
		{4986C143-CA7D-4931-882A-3D13080A292A}.Release|Any CPU.Build.0 = Release|Any CPU
	EndGlobalSection
	GlobalSection(SolutionProperties) = preSolution
		HideSolutionNode = FALSE
	EndGlobalSection
	GlobalSection(ExtensibilityGlobals) = postSolution
		SolutionGuid = {621FED02-FF38-47FE-8874-1ED6F0113FDD}
	EndGlobalSection
EndGlobal
