
Microsoft Visual Studio Solution File, Format Version 12.00
# Visual Studio Version 17
VisualStudioVersion = 17.6.33829.357
MinimumVisualStudioVersion = 10.0.40219.1
Project("{FAE04EC0-301F-11D3-BF4B-00C04F79EFBC}") = "TypeConversion", "TypeConversion\TypeConversion.csproj", "{7CF375B5-1467-4967-B5BB-B0CB3BEA2558}"
EndProject
Global
	GlobalSection(SolutionConfigurationPlatforms) = preSolution
		Debug|Any CPU = Debug|Any CPU
		Release|Any CPU = Release|Any CPU
	EndGlobalSection
	GlobalSection(ProjectConfigurationPlatforms) = postSolution
		{7CF375B5-1467-4967-B5BB-B0CB3BEA2558}.Debug|Any CPU.ActiveCfg = Debug|Any CPU
		{7CF375B5-1467-4967-B5BB-B0CB3BEA2558}.Debug|Any CPU.Build.0 = Debug|Any CPU
		{7CF375B5-1467-4967-B5BB-B0CB3BEA2558}.Release|Any CPU.ActiveCfg = Release|Any CPU
		{7CF375B5-1467-4967-B5BB-B0CB3BEA2558}.Release|Any CPU.Build.0 = Release|Any CPU
	EndGlobalSection
	GlobalSection(SolutionProperties) = preSolution
		HideSolutionNode = FALSE
	EndGlobalSection
	GlobalSection(ExtensibilityGlobals) = postSolution
		SolutionGuid = {1EDDCDDE-B949-4421-9D98-2156E8C4625C}
	EndGlobalSection
EndGlobal
