
Microsoft Visual Studio Solution File, Format Version 12.00
# Visual Studio Version 17
VisualStudioVersion = 17.6.33829.357
MinimumVisualStudioVersion = 10.0.40219.1
Project("{FAE04EC0-301F-11D3-BF4B-00C04F79EFBC}") = "IterationStatements", "IterationStatements\IterationStatements.csproj", "{B2302B2E-24D8-407F-8A9B-538F3326743C}"
EndProject
Global
	GlobalSection(SolutionConfigurationPlatforms) = preSolution
		Debug|Any CPU = Debug|Any CPU
		Release|Any CPU = Release|Any CPU
	EndGlobalSection
	GlobalSection(ProjectConfigurationPlatforms) = postSolution
		{B2302B2E-24D8-407F-8A9B-538F3326743C}.Debug|Any CPU.ActiveCfg = Debug|Any CPU
		{B2302B2E-24D8-407F-8A9B-538F3326743C}.Debug|Any CPU.Build.0 = Debug|Any CPU
		{B2302B2E-24D8-407F-8A9B-538F3326743C}.Release|Any CPU.ActiveCfg = Release|Any CPU
		{B2302B2E-24D8-407F-8A9B-538F3326743C}.Release|Any CPU.Build.0 = Release|Any CPU
	EndGlobalSection
	GlobalSection(SolutionProperties) = preSolution
		HideSolutionNode = FALSE
	EndGlobalSection
	GlobalSection(ExtensibilityGlobals) = postSolution
		SolutionGuid = {65BD62AB-2D3B-4953-AE57-113FAC2F16A3}
	EndGlobalSection
EndGlobal
