
Microsoft Visual Studio Solution File, Format Version 12.00
# Visual Studio Version 17
VisualStudioVersion = 17.6.33829.357
MinimumVisualStudioVersion = 10.0.40219.1
Project("{FAE04EC0-301F-11D3-BF4B-00C04F79EFBC}") = "String", "String\String.csproj", "{55FEC7F2-DF99-45E8-BF37-BF9982951E99}"
EndProject
Global
	GlobalSection(SolutionConfigurationPlatforms) = preSolution
		Debug|Any CPU = Debug|Any CPU
		Release|Any CPU = Release|Any CPU
	EndGlobalSection
	GlobalSection(ProjectConfigurationPlatforms) = postSolution
		{55FEC7F2-DF99-45E8-BF37-BF9982951E99}.Debug|Any CPU.ActiveCfg = Debug|Any CPU
		{55FEC7F2-DF99-45E8-BF37-BF9982951E99}.Debug|Any CPU.Build.0 = Debug|Any CPU
		{55FEC7F2-DF99-45E8-BF37-BF9982951E99}.Release|Any CPU.ActiveCfg = Release|Any CPU
		{55FEC7F2-DF99-45E8-BF37-BF9982951E99}.Release|Any CPU.Build.0 = Release|Any CPU
	EndGlobalSection
	GlobalSection(SolutionProperties) = preSolution
		HideSolutionNode = FALSE
	EndGlobalSection
	GlobalSection(ExtensibilityGlobals) = postSolution
		SolutionGuid = {23B0B526-E259-4A67-9990-B5F38BB52899}
	EndGlobalSection
EndGlobal
