
Microsoft Visual Studio Solution File, Format Version 12.00
# Visual Studio Version 17
VisualStudioVersion = 17.6.33829.357
MinimumVisualStudioVersion = 10.0.40219.1
Project("{FAE04EC0-301F-11D3-BF4B-00C04F79EFBC}") = "Exercise2", "Exercise2\Exercise2.csproj", "{637A9E0D-3C14-4720-BB8A-E16BB17566BD}"
EndProject
Global
	GlobalSection(SolutionConfigurationPlatforms) = preSolution
		Debug|Any CPU = Debug|Any CPU
		Release|Any CPU = Release|Any CPU
	EndGlobalSection
	GlobalSection(ProjectConfigurationPlatforms) = postSolution
		{637A9E0D-3C14-4720-BB8A-E16BB17566BD}.Debug|Any CPU.ActiveCfg = Debug|Any CPU
		{637A9E0D-3C14-4720-BB8A-E16BB17566BD}.Debug|Any CPU.Build.0 = Debug|Any CPU
		{637A9E0D-3C14-4720-BB8A-E16BB17566BD}.Release|Any CPU.ActiveCfg = Release|Any CPU
		{637A9E0D-3C14-4720-BB8A-E16BB17566BD}.Release|Any CPU.Build.0 = Release|Any CPU
	EndGlobalSection
	GlobalSection(SolutionProperties) = preSolution
		HideSolutionNode = FALSE
	EndGlobalSection
	GlobalSection(ExtensibilityGlobals) = postSolution
		SolutionGuid = {6C8DE205-7F9D-4C1D-883D-43EE0B954101}
	EndGlobalSection
EndGlobal
